
Microsoft Visual Studio Solution File, Format Version 12.00
# Visual Studio Version 16
VisualStudioVersion = 16.0.31424.327
MinimumVisualStudioVersion = 10.0.40219.1
Project("{FAE04EC0-301F-11D3-BF4B-00C04F79EFBC}") = "MySimpleApi", "MySimpleApi\MySimpleApi.csproj", "{770ABCC2-797A-4BF3-9C25-714400A57371}"
EndProject
Global
	GlobalSection(SolutionConfigurationPlatforms) = preSolution
		Debug|Any CPU = Debug|Any CPU
		Release|Any CPU = Release|Any CPU
	EndGlobalSection
	GlobalSection(ProjectConfigurationPlatforms) = postSolution
		{770ABCC2-797A-4BF3-9C25-714400A57371}.Debug|Any CPU.ActiveCfg = Debug|Any CPU
		{770ABCC2-797A-4BF3-9C25-714400A57371}.Debug|Any CPU.Build.0 = Debug|Any CPU
		{770ABCC2-797A-4BF3-9C25-714400A57371}.Release|Any CPU.ActiveCfg = Release|Any CPU
		{770ABCC2-797A-4BF3-9C25-714400A57371}.Release|Any CPU.Build.0 = Release|Any CPU
	EndGlobalSection
	GlobalSection(SolutionProperties) = preSolution
		HideSolutionNode = FALSE
	EndGlobalSection
	GlobalSection(ExtensibilityGlobals) = postSolution
		SolutionGuid = {9FCA7073-6AA2-4669-80F0-548DB34FEE23}
	EndGlobalSection
EndGlobal
